
Microsoft Visual Studio Solution File, Format Version 12.00
# Visual Studio Version 16
VisualStudioVersion = 25.0.1706.14
MinimumVisualStudioVersion = 10.0.40219.1
Project("{FAE04EC0-301F-11D3-BF4B-00C04F79EFBC}") = "UltraMiniApp", "UltraMiniApp\UltraMiniApp.csproj", "{8CDE7CB3-09AA-4D0F-90D0-A44B4D29BE07}"
EndProject
Project("{FAE04EC0-301F-11D3-BF4B-00C04F79EFBC}") = "ConsoleApp1.Appication", "ConsoleApp1.Appication\ConsoleApp1.Appication.csproj", "{6DB9072F-AFCC-4A92-AB32-E455536A501F}"
EndProject
Project("{FAE04EC0-301F-11D3-BF4B-00C04F79EFBC}") = "ConsoleApp1.Domain", "ConsoleApp1.Domain\ConsoleApp1.Domain.csproj", "{B0E9EF3D-A852-415B-ACCD-B7EE13A7BD71}"
EndProject
Global
	GlobalSection(SolutionConfigurationPlatforms) = preSolution
		Debug|Any CPU = Debug|Any CPU
		Release|Any CPU = Release|Any CPU
	EndGlobalSection
	GlobalSection(ProjectConfigurationPlatforms) = postSolution
		{8CDE7CB3-09AA-4D0F-90D0-A44B4D29BE07}.Debug|Any CPU.ActiveCfg = Debug|Any CPU
		{8CDE7CB3-09AA-4D0F-90D0-A44B4D29BE07}.Debug|Any CPU.Build.0 = Debug|Any CPU
		{8CDE7CB3-09AA-4D0F-90D0-A44B4D29BE07}.Release|Any CPU.ActiveCfg = Release|Any CPU
		{8CDE7CB3-09AA-4D0F-90D0-A44B4D29BE07}.Release|Any CPU.Build.0 = Release|Any CPU
		{6DB9072F-AFCC-4A92-AB32-E455536A501F}.Debug|Any CPU.ActiveCfg = Debug|Any CPU
		{6DB9072F-AFCC-4A92-AB32-E455536A501F}.Debug|Any CPU.Build.0 = Debug|Any CPU
		{6DB9072F-AFCC-4A92-AB32-E455536A501F}.Release|Any CPU.ActiveCfg = Release|Any CPU
		{6DB9072F-AFCC-4A92-AB32-E455536A501F}.Release|Any CPU.Build.0 = Release|Any CPU
		{B0E9EF3D-A852-415B-ACCD-B7EE13A7BD71}.Debug|Any CPU.ActiveCfg = Debug|Any CPU
		{B0E9EF3D-A852-415B-ACCD-B7EE13A7BD71}.Debug|Any CPU.Build.0 = Debug|Any CPU
		{B0E9EF3D-A852-415B-ACCD-B7EE13A7BD71}.Release|Any CPU.ActiveCfg = Release|Any CPU
		{B0E9EF3D-A852-415B-ACCD-B7EE13A7BD71}.Release|Any CPU.Build.0 = Release|Any CPU
	EndGlobalSection
	GlobalSection(SolutionProperties) = preSolution
		HideSolutionNode = FALSE
	EndGlobalSection
	GlobalSection(ExtensibilityGlobals) = postSolution
		SolutionGuid = {5CE5BB96-231C-4034-9A11-835B2B4DC53C}
	EndGlobalSection
EndGlobal
